
Microsoft Visual Studio Solution File, Format Version 12.00
# Visual Studio Version 17
VisualStudioVersion = 17.4.33213.308
MinimumVisualStudioVersion = 10.0.40219.1
Project("{FAE04EC0-301F-11D3-BF4B-00C04F79EFBC}") = "AppImc.Android", "AppImc\AppImc.Android\AppImc.Android.csproj", "{5E4190E6-776C-480A-A16C-46056A59195C}"
EndProject
Project("{FAE04EC0-301F-11D3-BF4B-00C04F79EFBC}") = "AppImc", "AppImc\AppImc\AppImc.csproj", "{41CC30F3-4AC7-4597-8E27-E89292065B4D}"
EndProject
Global
	GlobalSection(SolutionConfigurationPlatforms) = preSolution
		Debug|Any CPU = Debug|Any CPU
		Release|Any CPU = Release|Any CPU
	EndGlobalSection
	GlobalSection(ProjectConfigurationPlatforms) = postSolution
		{5E4190E6-776C-480A-A16C-46056A59195C}.Debug|Any CPU.ActiveCfg = Debug|Any CPU
		{5E4190E6-776C-480A-A16C-46056A59195C}.Debug|Any CPU.Build.0 = Debug|Any CPU
		{5E4190E6-776C-480A-A16C-46056A59195C}.Debug|Any CPU.Deploy.0 = Debug|Any CPU
		{5E4190E6-776C-480A-A16C-46056A59195C}.Release|Any CPU.ActiveCfg = Release|Any CPU
		{5E4190E6-776C-480A-A16C-46056A59195C}.Release|Any CPU.Build.0 = Release|Any CPU
		{5E4190E6-776C-480A-A16C-46056A59195C}.Release|Any CPU.Deploy.0 = Release|Any CPU
		{41CC30F3-4AC7-4597-8E27-E89292065B4D}.Debug|Any CPU.ActiveCfg = Debug|Any CPU
		{41CC30F3-4AC7-4597-8E27-E89292065B4D}.Debug|Any CPU.Build.0 = Debug|Any CPU
		{41CC30F3-4AC7-4597-8E27-E89292065B4D}.Debug|Any CPU.Deploy.0 = Debug|Any CPU
		{41CC30F3-4AC7-4597-8E27-E89292065B4D}.Release|Any CPU.ActiveCfg = Release|Any CPU
		{41CC30F3-4AC7-4597-8E27-E89292065B4D}.Release|Any CPU.Build.0 = Release|Any CPU
		{41CC30F3-4AC7-4597-8E27-E89292065B4D}.Release|Any CPU.Deploy.0 = Release|Any CPU
	EndGlobalSection
	GlobalSection(SolutionProperties) = preSolution
		HideSolutionNode = FALSE
	EndGlobalSection
	GlobalSection(ExtensibilityGlobals) = postSolution
		SolutionGuid = {63D9DC1A-EEB7-42FE-BB39-C8CE8F6D1A6B}
	EndGlobalSection
EndGlobal
